// !$*UTF8*$!
{
	archiveVersion = 1;
	classes = {
	};
	objectVersion = 50;
	objects = {

/* Begin PBXBuildFile section */
		3D7442532209C79A00197A50 /* GoogleService-Info.plist in Resources */ = {isa = PBXBuildFile; fileRef = 3D7442522209C79A00197A50 /* GoogleService-Info.plist */; };
		3DC02EB722170421009CA649 /* DetailViewController.swift in Sources */ = {isa = PBXBuildFile; fileRef = 3DC02EB622170421009CA649 /* DetailViewController.swift */; };
		3DCE082821FCAD7900C5405E /* AppDelegate.swift in Sources */ = {isa = PBXBuildFile; fileRef = 3DCE082721FCAD7900C5405E /* AppDelegate.swift */; };
		3DCE082A21FCAD7900C5405E /* ViewController.swift in Sources */ = {isa = PBXBuildFile; fileRef = 3DCE082921FCAD7900C5405E /* ViewController.swift */; };
		3DCE082D21FCAD7900C5405E /* Main.storyboard in Resources */ = {isa = PBXBuildFile; fileRef = 3DCE082B21FCAD7900C5405E /* Main.storyboard */; };
		3DCE082F21FCAD7B00C5405E /* Assets.xcassets in Resources */ = {isa = PBXBuildFile; fileRef = 3DCE082E21FCAD7B00C5405E /* Assets.xcassets */; };
		3DCE083221FCAD7B00C5405E /* LaunchScreen.storyboard in Resources */ = {isa = PBXBuildFile; fileRef = 3DCE083021FCAD7B00C5405E /* LaunchScreen.storyboard */; };
		3DCE083A21FCAFCD00C5405E /* CollectionViewCell.swift in Sources */ = {isa = PBXBuildFile; fileRef = 3DCE083921FCAFCD00C5405E /* CollectionViewCell.swift */; };
		C117FB86B8EBE6D0ABA2418E /* Pods_bread0126.framework in Frameworks */ = {isa = PBXBuildFile; fileRef = 371564F3A3A90DCDDF56D86F /* Pods_bread0126.framework */; };
/* End PBXBuildFile section */

/* Begin PBXFileReference section */
		35826D438BE705187B6206E7 /* Pods-bread0126.release.xcconfig */ = {isa = PBXFileReference; includeInIndex = 1; lastKnownFileType = text.xcconfig; name = "Pods-bread0126.release.xcconfig"; path = "Pods/Target Support Files/Pods-bread0126/Pods-bread0126.release.xcconfig"; sourceTree = "<group>"; };
		371564F3A3A90DCDDF56D86F /* Pods_bread0126.framework */ = {isa = PBXFileReference; explicitFileType = wrapper.framework; includeInIndex = 0; path = Pods_bread0126.framework; sourceTree = BUILT_PRODUCTS_DIR; };
		3D7442522209C79A00197A50 /* GoogleService-Info.plist */ = {isa = PBXFileReference; fileEncoding = 4; lastKnownFileType = text.plist.xml; path = "GoogleService-Info.plist"; sourceTree = "<group>"; };
		3DC02EB622170421009CA649 /* DetailViewController.swift */ = {isa = PBXFileReference; lastKnownFileType = sourcecode.swift; path = DetailViewController.swift; sourceTree = "<group>"; };
		3DCE082421FCAD7900C5405E /* bread0126.app */ = {isa = PBXFileReference; explicitFileType = wrapper.application; includeInIndex = 0; path = bread0126.app; sourceTree = BUILT_PRODUCTS_DIR; };
		3DCE082721FCAD7900C5405E /* AppDelegate.swift */ = {isa = PBXFileReference; lastKnownFileType = sourcecode.swift; path = AppDelegate.swift; sourceTree = "<group>"; };
		3DCE082921FCAD7900C5405E /* ViewController.swift */ = {isa = PBXFileReference; lastKnownFileType = sourcecode.swift; path = ViewController.swift; sourceTree = "<group>"; };
		3DCE082C21FCAD7900C5405E /* Base */ = {isa = PBXFileReference; lastKnownFileType = file.storyboard; name = Base; path = Base.lproj/Main.storyboard; sourceTree = "<group>"; };
		3DCE082E21FCAD7B00C5405E /* Assets.xcassets */ = {isa = PBXFileReference; lastKnownFileType = folder.assetcatalog; path = Assets.xcassets; sourceTree = "<group>"; };
		3DCE083121FCAD7B00C5405E /* Base */ = {isa = PBXFileReference; lastKnownFileType = file.storyboard; name = Base; path = Base.lproj/LaunchScreen.storyboard; sourceTree = "<group>"; };
		3DCE083321FCAD7B00C5405E /* Info.plist */ = {isa = PBXFileReference; lastKnownFileType = text.plist.xml; path = Info.plist; sourceTree = "<group>"; };
		3DCE083921FCAFCD00C5405E /* CollectionViewCell.swift */ = {isa = PBXFileReference; lastKnownFileType = sourcecode.swift; path = CollectionViewCell.swift; sourceTree = "<group>"; };
		733888D3AFE601C4C53D8480 /* Pods-bread0126.debug.xcconfig */ = {isa = PBXFileReference; includeInIndex = 1; lastKnownFileType = text.xcconfig; name = "Pods-bread0126.debug.xcconfig"; path = "Pods/Target Support Files/Pods-bread0126/Pods-bread0126.debug.xcconfig"; sourceTree = "<group>"; };
/* End PBXFileReference section */

/* Begin PBXFrameworksBuildPhase section */
		3DCE082121FCAD7900C5405E /* Frameworks */ = {
			isa = PBXFrameworksBuildPhase;
			buildActionMask = 2147483647;
			files = (
				C117FB86B8EBE6D0ABA2418E /* Pods_bread0126.framework in Frameworks */,
			);
			runOnlyForDeploymentPostprocessing = 0;
		};
/* End PBXFrameworksBuildPhase section */

/* Begin PBXGroup section */
		3DCE081B21FCAD7900C5405E = {
			isa = PBXGroup;
			children = (
				3DCE082621FCAD7900C5405E /* bread0126 */,
				3DCE082521FCAD7900C5405E /* Products */,
				502AA29CF8E16C96352546FE /* Pods */,
				DE39E5BEA45ECDE8E74C10A9 /* Frameworks */,
			);
			sourceTree = "<group>";
		};
		3DCE082521FCAD7900C5405E /* Products */ = {
			isa = PBXGroup;
			children = (
				3DCE082421FCAD7900C5405E /* bread0126.app */,
			);
			name = Products;
			sourceTree = "<group>";
		};
		3DCE082621FCAD7900C5405E /* bread0126 */ = {
			isa = PBXGroup;
			children = (
				3DCE082721FCAD7900C5405E /* AppDelegate.swift */,
				3DCE082921FCAD7900C5405E /* ViewController.swift */,
				3DCE082B21FCAD7900C5405E /* Main.storyboard */,
				3DCE082E21FCAD7B00C5405E /* Assets.xcassets */,
				3DCE083021FCAD7B00C5405E /* LaunchScreen.storyboard */,
				3D7442522209C79A00197A50 /* GoogleService-Info.plist */,
				3DCE083321FCAD7B00C5405E /* Info.plist */,
				3DCE083921FCAFCD00C5405E /* CollectionViewCell.swift */,
				3DC02EB622170421009CA649 /* DetailViewController.swift */,
			);
			path = bread0126;
			sourceTree = "<group>";
		};
		502AA29CF8E16C96352546FE /* Pods */ = {
			isa = PBXGroup;
			children = (
				733888D3AFE601C4C53D8480 /* Pods-bread0126.debug.xcconfig */,
				35826D438BE705187B6206E7 /* Pods-bread0126.release.xcconfig */,
			);
			name = Pods;
			sourceTree = "<group>";
		};
		DE39E5BEA45ECDE8E74C10A9 /* Frameworks */ = {
			isa = PBXGroup;
			children = (
				371564F3A3A90DCDDF56D86F /* Pods_bread0126.framework */,
			);
			name = Frameworks;
			sourceTree = "<group>";
		};
/* End PBXGroup section */

/* Begin PBXNativeTarget section */
		3DCE082321FCAD7900C5405E /* bread0126 */ = {
			isa = PBXNativeTarget;
			buildConfigurationList = 3DCE083621FCAD7B00C5405E /* Build configuration list for PBXNativeTarget "bread0126" */;
			buildPhases = (
				A8FF7E13306F4CBF5B15FC51 /* [CP] Check Pods Manifest.lock */,
				3DCE082021FCAD7900C5405E /* Sources */,
				3DCE082121FCAD7900C5405E /* Frameworks */,
				3DCE082221FCAD7900C5405E /* Resources */,
				8EE45724B7CB3ED587171A6A /* [CP] Embed Pods Frameworks */,
			);
			buildRules = (
			);
			dependencies = (
			);
			name = bread0126;
			productName = bread0126;
			productReference = 3DCE082421FCAD7900C5405E /* bread0126.app */;
			productType = "com.apple.product-type.application";
		};
/* End PBXNativeTarget section */

/* Begin PBXProject section */
		3DCE081C21FCAD7900C5405E /* Project object */ = {
			isa = PBXProject;
			attributes = {
				LastSwiftUpdateCheck = 1000;
				LastUpgradeCheck = 1000;
				ORGANIZATIONNAME = Mini;
				TargetAttributes = {
					3DCE082321FCAD7900C5405E = {
						CreatedOnToolsVersion = 10.0;
					};
				};
			};
			buildConfigurationList = 3DCE081F21FCAD7900C5405E /* Build configuration list for PBXProject "bread0126" */;
			compatibilityVersion = "Xcode 9.3";
			developmentRegion = en;
			hasScannedForEncodings = 0;
			knownRegions = (
				en,
				Base,
			);
			mainGroup = 3DCE081B21FCAD7900C5405E;
			productRefGroup = 3DCE082521FCAD7900C5405E /* Products */;
			projectDirPath = "";
			projectRoot = "";
			targets = (
				3DCE082321FCAD7900C5405E /* bread0126 */,
			);
		};
/* End PBXProject section */

/* Begin PBXResourcesBuildPhase section */
		3DCE082221FCAD7900C5405E /* Resources */ = {
			isa = PBXResourcesBuildPhase;
			buildActionMask = 2147483647;
			files = (
				3DCE083221FCAD7B00C5405E /* LaunchScreen.storyboard in Resources */,
				3D7442532209C79A00197A50 /* GoogleService-Info.plist in Resources */,
				3DCE082F21FCAD7B00C5405E /* Assets.xcassets in Resources */,
				3DCE082D21FCAD7900C5405E /* Main.storyboard in Resources */,
			);
			runOnlyForDeploymentPostprocessing = 0;
		};
/* End PBXResourcesBuildPhase section */

/* Begin PBXShellScriptBuildPhase section */
		8EE45724B7CB3ED587171A6A /* [CP] Embed Pods Frameworks */ = {
			isa = PBXShellScriptBuildPhase;
			buildActionMask = 2147483647;
			files = (
			);
			inputFileListPaths = (
			);
			inputPaths = (
				"${PODS_ROOT}/Target Support Files/Pods-bread0126/Pods-bread0126-frameworks.sh",
				"${BUILT_PRODUCTS_DIR}/Alamofire/Alamofire.framework",
				"${BUILT_PRODUCTS_DIR}/AlamofireImage/AlamofireImage.framework",
				"${BUILT_PRODUCTS_DIR}/GTMSessionFetcher/GTMSessionFetcher.framework",
				"${BUILT_PRODUCTS_DIR}/GoogleUtilities/GoogleUtilities.framework",
				"${BUILT_PRODUCTS_DIR}/SDWebImage/SDWebImage.framework",
				"${BUILT_PRODUCTS_DIR}/leveldb-library/leveldb.framework",
				"${BUILT_PRODUCTS_DIR}/nanopb/nanopb.framework",
			);
			name = "[CP] Embed Pods Frameworks";
			outputFileListPaths = (
			);
			outputPaths = (
				"${TARGET_BUILD_DIR}/${FRAMEWORKS_FOLDER_PATH}/Alamofire.framework",
				"${TARGET_BUILD_DIR}/${FRAMEWORKS_FOLDER_PATH}/AlamofireImage.framework",
				"${TARGET_BUILD_DIR}/${FRAMEWORKS_FOLDER_PATH}/GTMSessionFetcher.framework",
				"${TARGET_BUILD_DIR}/${FRAMEWORKS_FOLDER_PATH}/GoogleUtilities.framework",
				"${TARGET_BUILD_DIR}/${FRAMEWORKS_FOLDER_PATH}/SDWebImage.framework",
				"${TARGET_BUILD_DIR}/${FRAMEWORKS_FOLDER_PATH}/leveldb.framework",
				"${TARGET_BUILD_DIR}/${FRAMEWORKS_FOLDER_PATH}/nanopb.framework",
			);
			runOnlyForDeploymentPostprocessing = 0;
			shellPath = /bin/sh;
			shellScript = "\"${PODS_ROOT}/Target Support Files/Pods-bread0126/Pods-bread0126-frameworks.sh\"\n";
			showEnvVarsInLog = 0;
		};
		A8FF7E13306F4CBF5B15FC51 /* [CP] Check Pods Manifest.lock */ = {
			isa = PBXShellScriptBuildPhase;
			buildActionMask = 2147483647;
			files = (
			);
			inputFileListPaths = (
			);
			inputPaths = (
				"${PODS_PODFILE_DIR_PATH}/Podfile.lock",
				"${PODS_ROOT}/Manifest.lock",
			);
			name = "[CP] Check Pods Manifest.lock";
			outputFileListPaths = (
			);
			outputPaths = (
				"$(DERIVED_FILE_DIR)/Pods-bread0126-checkManifestLockResult.txt",
			);
			runOnlyForDeploymentPostprocessing = 0;
			shellPath = /bin/sh;
			shellScript = "diff \"${PODS_PODFILE_DIR_PATH}/Podfile.lock\" \"${PODS_ROOT}/Manifest.lock\" > /dev/null\nif [ $? != 0 ] ; then\n    # print error to STDERR\n    echo \"error: The sandbox is not in sync with the Podfile.lock. Run 'pod install' or update your CocoaPods installation.\" >&2\n    exit 1\nfi\n# This output is used by Xcode 'outputs' to avoid re-running this script phase.\necho \"SUCCESS\" > \"${SCRIPT_OUTPUT_FILE_0}\"\n";
			showEnvVarsInLog = 0;
		};
/* End PBXShellScriptBuildPhase section */

/* Begin PBXSourcesBuildPhase section */
		3DCE082021FCAD7900C5405E /* Sources */ = {
			isa = PBXSourcesBuildPhase;
			buildActionMask = 2147483647;
			files = (
				3DCE082A21FCAD7900C5405E /* ViewController.swift in Sources */,
				3DCE082821FCAD7900C5405E /* AppDelegate.swift in Sources */,
				3DCE083A21FCAFCD00C5405E /* CollectionViewCell.swift in Sources */,
				3DC02EB722170421009CA649 /* DetailViewController.swift in Sources */,
			);
			runOnlyForDeploymentPostprocessing = 0;
		};
/* End PBXSourcesBuildPhase section */

/* Begin PBXVariantGroup section */
		3DCE082B21FCAD7900C5405E /* Main.storyboard */ = {
			isa = PBXVariantGroup;
			children = (
				3DCE082C21FCAD7900C5405E /* Base */,
			);
			name = Main.storyboard;
			sourceTree = "<group>";
		};
		3DCE083021FCAD7B00C5405E /* LaunchScreen.storyboard */ = {
			isa = PBXVariantGroup;
			children = (
				3DCE083121FCAD7B00C5405E /* Base */,
			);
			name = LaunchScreen.storyboard;
			sourceTree = "<group>";
		};
/* End PBXVariantGroup section */

/* Begin XCBuildConfiguration section */
		3DCE083421FCAD7B00C5405E /* Debug */ = {
			isa = XCBuildConfiguration;
			buildSettings = {
				ALWAYS_SEARCH_USER_PATHS = NO;
				CLANG_ANALYZER_NONNULL = YES;
				CLANG_ANALYZER_NUMBER_OBJECT_CONVERSION = YES_AGGRESSIVE;
				CLANG_CXX_LANGUAGE_STANDARD = "gnu++14";
				CLANG_CXX_LIBRARY = "libc++";
				CLANG_ENABLE_MODULES = YES;
				CLANG_ENABLE_OBJC_ARC = YES;
				CLANG_ENABLE_OBJC_WEAK = YES;
				CLANG_WARN_BLOCK_CAPTURE_AUTORELEASING = YES;
				CLANG_WARN_BOOL_CONVERSION = YES;
				CLANG_WARN_COMMA = YES;
				CLANG_WARN_CONSTANT_CONVERSION = YES;
				CLANG_WARN_DEPRECATED_OBJC_IMPLEMENTATIONS = YES;
				CLANG_WARN_DIRECT_OBJC_ISA_USAGE = YES_ERROR;
				CLANG_WARN_DOCUMENTATION_COMMENTS = YES;
				CLANG_WARN_EMPTY_BODY = YES;
				CLANG_WARN_ENUM_CONVERSION = YES;
				CLANG_WARN_INFINITE_RECURSION = YES;
				CLANG_WARN_INT_CONVERSION = YES;
				CLANG_WARN_NON_LITERAL_NULL_CONVERSION = YES;
				CLANG_WARN_OBJC_IMPLICIT_RETAIN_SELF = YES;
				CLANG_WARN_OBJC_LITERAL_CONVERSION = YES;
				CLANG_WARN_OBJC_ROOT_CLASS = YES_ERROR;
				CLANG_WARN_RANGE_LOOP_ANALYSIS = YES;
				CLANG_WARN_STRICT_PROTOTYPES = YES;
				CLANG_WARN_SUSPICIOUS_MOVE = YES;
				CLANG_WARN_UNGUARDED_AVAILABILITY = YES_AGGRESSIVE;
				CLANG_WARN_UNREACHABLE_CODE = YES;
				CLANG_WARN__DUPLICATE_METHOD_MATCH = YES;
				CODE_SIGN_IDENTITY = "iPhone Developer";
				COPY_PHASE_STRIP = NO;
				DEBUG_INFORMATION_FORMAT = dwarf;
				ENABLE_STRICT_OBJC_MSGSEND = YES;
				ENABLE_TESTABILITY = YES;
				GCC_C_LANGUAGE_STANDARD = gnu11;
				GCC_DYNAMIC_NO_PIC = NO;
				GCC_NO_COMMON_BLOCKS = YES;
				GCC_OPTIMIZATION_LEVEL = 0;
				GCC_PREPROCESSOR_DEFINITIONS = (
					"DEBUG=1",
					"$(inherited)",
				);
				GCC_WARN_64_TO_32_BIT_CONVERSION = YES;
				GCC_WARN_ABOUT_RETURN_TYPE = YES_ERROR;
				GCC_WARN_UNDECLARED_SELECTOR = YES;
				GCC_WARN_UNINITIALIZED_AUTOS = YES_AGGRESSIVE;
				GCC_WARN_UNUSED_FUNCTION = YES;
				GCC_WARN_UNUSED_VARIABLE = YES;
				IPHONEOS_DEPLOYMENT_TARGET = 12.0;
				MTL_ENABLE_DEBUG_INFO = INCLUDE_SOURCE;
				MTL_FAST_MATH = YES;
				ONLY_ACTIVE_ARCH = YES;
				SDKROOT = iphoneos;
				SWIFT_ACTIVE_COMPILATION_CONDITIONS = DEBUG;
				SWIFT_OPTIMIZATION_LEVEL = "-Onone";
			};
			name = Debug;
		};
		3DCE083521FCAD7B00C5405E /* Release */ = {
			isa = XCBuildConfiguration;
			buildSettings = {
				ALWAYS_SEARCH_USER_PATHS = NO;
				CLANG_ANALYZER_NONNULL = YES;
				CLANG_ANALYZER_NUMBER_OBJECT_CONVERSION = YES_AGGRESSIVE;
				CLANG_CXX_LANGUAGE_STANDARD = "gnu++14";
				CLANG_CXX_LIBRARY = "libc++";
				CLANG_ENABLE_MODULES = YES;
				CLANG_ENABLE_OBJC_ARC = YES;
				CLANG_ENABLE_OBJC_WEAK = YES;
				CLANG_WARN_BLOCK_CAPTURE_AUTORELEASING = YES;
				CLANG_WARN_BOOL_CONVERSION = YES;
				CLANG_WARN_COMMA = YES;
				CLANG_WARN_CONSTANT_CONVERSION = YES;
				CLANG_WARN_DEPRECATED_OBJC_IMPLEMENTATIONS = YES;
				CLANG_WARN_DIRECT_OBJC_ISA_USAGE = YES_ERROR;
				CLANG_WARN_DOCUMENTATION_COMMENTS = YES;
				CLANG_WARN_EMPTY_BODY = YES;
				CLANG_WARN_ENUM_CONVERSION = YES;
				CLANG_WARN_INFINITE_RECURSION = YES;
				CLANG_WARN_INT_CONVERSION = YES;
				CLANG_WARN_NON_LITERAL_NULL_CONVERSION = YES;
				CLANG_WARN_OBJC_IMPLICIT_RETAIN_SELF = YES;
				CLANG_WARN_OBJC_LITERAL_CONVERSION = YES;
				CLANG_WARN_OBJC_ROOT_CLASS = YES_ERROR;
				CLANG_WARN_RANGE_LOOP_ANALYSIS = YES;
				CLANG_WARN_STRICT_PROTOTYPES = YES;
				CLANG_WARN_SUSPICIOUS_MOVE = YES;
				CLANG_WARN_UNGUARDED_AVAILABILITY = YES_AGGRESSIVE;
				CLANG_WARN_UNREACHABLE_CODE = YES;
				CLANG_WARN__DUPLICATE_METHOD_MATCH = YES;
				CODE_SIGN_IDENTITY = "iPhone Developer";
				COPY_PHASE_STRIP = NO;
				DEBUG_INFORMATION_FORMAT = "dwarf-with-dsym";
				ENABLE_NS_ASSERTIONS = NO;
				ENABLE_STRICT_OBJC_MSGSEND = YES;
				GCC_C_LANGUAGE_STANDARD = gnu11;
				GCC_NO_COMMON_BLOCKS = YES;
				GCC_WARN_64_TO_32_BIT_CONVERSION = YES;
				GCC_WARN_ABOUT_RETURN_TYPE = YES_ERROR;
				GCC_WARN_UNDECLARED_SELECTOR = YES;
				GCC_WARN_UNINITIALIZED_AUTOS = YES_AGGRESSIVE;
				GCC_WARN_UNUSED_FUNCTION = YES;
				GCC_WARN_UNUSED_VARIABLE = YES;
				IPHONEOS_DEPLOYMENT_TARGET = 12.0;
				MTL_ENABLE_DEBUG_INFO = NO;
				MTL_FAST_MATH = YES;
				SDKROOT = iphoneos;
				SWIFT_COMPILATION_MODE = wholemodule;
				SWIFT_OPTIMIZATION_LEVEL = "-O";
				VALIDATE_PRODUCT = YES;
			};
			name = Release;
		};
		3DCE083721FCAD7B00C5405E /* Debug */ = {
			isa = XCBuildConfiguration;
			baseConfigurationReference = 733888D3AFE601C4C53D8480 /* Pods-bread0126.debug.xcconfig */;
			buildSettings = {
				ASSETCATALOG_COMPILER_APPICON_NAME = AppIcon;
				CODE_SIGN_STYLE = Automatic;
				INFOPLIST_FILE = bread0126/Info.plist;
				LD_RUNPATH_SEARCH_PATHS = (
					"$(inherited)",
					"@executable_path/Frameworks",
				);
				PRODUCT_BUNDLE_IDENTIFIER = com.uj.pracitice0126image;
				PRODUCT_NAME = "$(TARGET_NAME)";
				SWIFT_VERSION = 4.2;
				TARGETED_DEVICE_FAMILY = "1,2";
			};
			name = Debug;
		};
		3DCE083821FCAD7B00C5405E /* Release */ = {
			isa = XCBuildConfiguration;
			baseConfigurationReference = 35826D438BE705187B6206E7 /* Pods-bread0126.release.xcconfig */;
			buildSettings = {
				ASSETCATALOG_COMPILER_APPICON_NAME = AppIcon;
				CODE_SIGN_STYLE = Automatic;
				INFOPLIST_FILE = bread0126/Info.plist;
				LD_RUNPATH_SEARCH_PATHS = (
					"$(inherited)",
					"@executable_path/Frameworks",
				);
				PRODUCT_BUNDLE_IDENTIFIER = com.uj.pracitice0126image;
				PRODUCT_NAME = "$(TARGET_NAME)";
				SWIFT_VERSION = 4.2;
				TARGETED_DEVICE_FAMILY = "1,2";
			};
			name = Release;
		};
/* End XCBuildConfiguration section */

/* Begin XCConfigurationList section */
		3DCE081F21FCAD7900C5405E /* Build configuration list for PBXProject "bread0126" */ = {
			isa = XCConfigurationList;
			buildConfigurations = (
				3DCE083421FCAD7B00C5405E /* Debug */,
				3DCE083521FCAD7B00C5405E /* Release */,
			);
			defaultConfigurationIsVisible = 0;
			defaultConfigurationName = Release;
		};
		3DCE083621FCAD7B00C5405E /* Build configuration list for PBXNativeTarget "bread0126" */ = {
			isa = XCConfigurationList;
			buildConfigurations = (
				3DCE083721FCAD7B00C5405E /* Debug */,
				3DCE083821FCAD7B00C5405E /* Release */,
			);
			defaultConfigurationIsVisible = 0;
			defaultConfigurationName = Release;
		};
/* End XCConfigurationList section */
	};
	rootObject = 3DCE081C21FCAD7900C5405E /* Project object */;
}
